
Microsoft Visual Studio Solution File, Format Version 12.00
# Visual Studio Version 17
VisualStudioVersion = 17.3.32811.315
MinimumVisualStudioVersion = 10.0.40219.1
Project("{9A19103F-16F7-4668-BE54-9A1E7A4F7556}") = "CampIntro", "CampIntro\CampIntro.csproj", "{6B93F846-54EC-4D24-8B05-42A2220DBB30}"
EndProject
Project("{9A19103F-16F7-4668-BE54-9A1E7A4F7556}") = "Loops", "Loops\Loops.csproj", "{7A3E21AE-B893-4E5B-A044-A53537ED0179}"
EndProject
Project("{9A19103F-16F7-4668-BE54-9A1E7A4F7556}") = "ClassIntro", "ClassIntro\ClassIntro.csproj", "{3BBE01BA-E713-4408-96A6-DB0E97B45420}"
EndProject
Project("{9A19103F-16F7-4668-BE54-9A1E7A4F7556}") = "Methods", "Methods\Methods.csproj", "{56522186-B0F4-41C9-9A2F-03EFF478BABE}"
EndProject
Project("{9A19103F-16F7-4668-BE54-9A1E7A4F7556}") = "Mathematics", "Mathematics\Mathematics.csproj", "{731499FF-B6CF-492F-926B-DDC2CA63FEE2}"
EndProject
Project("{9A19103F-16F7-4668-BE54-9A1E7A4F7556}") = "ValueAndReferenceTypes", "ValueAndReferenceTypes\ValueAndReferenceTypes.csproj", "{65DEB586-19A0-4F8A-9D5E-771FAE39972B}"
EndProject
Project("{9A19103F-16F7-4668-BE54-9A1E7A4F7556}") = "OOP1", "OOP1\OOP1.csproj", "{FE86F14E-B723-4B9E-BAF1-A4AF9C61D4FF}"
EndProject
Project("{9A19103F-16F7-4668-BE54-9A1E7A4F7556}") = "Collections", "Collections\Collections.csproj", "{4BF0EE96-1B64-40F9-AB3D-8B53A112D4D7}"
EndProject
Project("{9A19103F-16F7-4668-BE54-9A1E7A4F7556}") = "GenericsIntro", "GenericsIntro\GenericsIntro.csproj", "{3DC51158-03C1-443C-BEAB-C5581427E2A1}"
EndProject
Project("{FAE04EC0-301F-11D3-BF4B-00C04F79EFBC}") = "OOP2", "OOP2\OOP2.csproj", "{04912BD7-BB92-4717-A256-B8EE5B922779}"
EndProject
Project("{FAE04EC0-301F-11D3-BF4B-00C04F79EFBC}") = "OOP3", "OOP3\OOP3.csproj", "{D6E12C42-ADD3-49B8-82DA-DB84B09C53BF}"
EndProject
Global
	GlobalSection(SolutionConfigurationPlatforms) = preSolution
		Debug|Any CPU = Debug|Any CPU
		Release|Any CPU = Release|Any CPU
	EndGlobalSection
	GlobalSection(ProjectConfigurationPlatforms) = postSolution
		{6B93F846-54EC-4D24-8B05-42A2220DBB30}.Debug|Any CPU.ActiveCfg = Debug|Any CPU
		{6B93F846-54EC-4D24-8B05-42A2220DBB30}.Debug|Any CPU.Build.0 = Debug|Any CPU
		{6B93F846-54EC-4D24-8B05-42A2220DBB30}.Release|Any CPU.ActiveCfg = Release|Any CPU
		{6B93F846-54EC-4D24-8B05-42A2220DBB30}.Release|Any CPU.Build.0 = Release|Any CPU
		{7A3E21AE-B893-4E5B-A044-A53537ED0179}.Debug|Any CPU.ActiveCfg = Debug|Any CPU
		{7A3E21AE-B893-4E5B-A044-A53537ED0179}.Debug|Any CPU.Build.0 = Debug|Any CPU
		{7A3E21AE-B893-4E5B-A044-A53537ED0179}.Release|Any CPU.ActiveCfg = Release|Any CPU
		{7A3E21AE-B893-4E5B-A044-A53537ED0179}.Release|Any CPU.Build.0 = Release|Any CPU
		{3BBE01BA-E713-4408-96A6-DB0E97B45420}.Debug|Any CPU.ActiveCfg = Debug|Any CPU
		{3BBE01BA-E713-4408-96A6-DB0E97B45420}.Debug|Any CPU.Build.0 = Debug|Any CPU
		{3BBE01BA-E713-4408-96A6-DB0E97B45420}.Release|Any CPU.ActiveCfg = Release|Any CPU
		{3BBE01BA-E713-4408-96A6-DB0E97B45420}.Release|Any CPU.Build.0 = Release|Any CPU
		{56522186-B0F4-41C9-9A2F-03EFF478BABE}.Debug|Any CPU.ActiveCfg = Debug|Any CPU
		{56522186-B0F4-41C9-9A2F-03EFF478BABE}.Debug|Any CPU.Build.0 = Debug|Any CPU
		{56522186-B0F4-41C9-9A2F-03EFF478BABE}.Release|Any CPU.ActiveCfg = Release|Any CPU
		{56522186-B0F4-41C9-9A2F-03EFF478BABE}.Release|Any CPU.Build.0 = Release|Any CPU
		{731499FF-B6CF-492F-926B-DDC2CA63FEE2}.Debug|Any CPU.ActiveCfg = Debug|Any CPU
		{731499FF-B6CF-492F-926B-DDC2CA63FEE2}.Debug|Any CPU.Build.0 = Debug|Any CPU
		{731499FF-B6CF-492F-926B-DDC2CA63FEE2}.Release|Any CPU.ActiveCfg = Release|Any CPU
		{731499FF-B6CF-492F-926B-DDC2CA63FEE2}.Release|Any CPU.Build.0 = Release|Any CPU
		{65DEB586-19A0-4F8A-9D5E-771FAE39972B}.Debug|Any CPU.ActiveCfg = Debug|Any CPU
		{65DEB586-19A0-4F8A-9D5E-771FAE39972B}.Debug|Any CPU.Build.0 = Debug|Any CPU
		{65DEB586-19A0-4F8A-9D5E-771FAE39972B}.Release|Any CPU.ActiveCfg = Release|Any CPU
		{65DEB586-19A0-4F8A-9D5E-771FAE39972B}.Release|Any CPU.Build.0 = Release|Any CPU
		{FE86F14E-B723-4B9E-BAF1-A4AF9C61D4FF}.Debug|Any CPU.ActiveCfg = Debug|Any CPU
		{FE86F14E-B723-4B9E-BAF1-A4AF9C61D4FF}.Debug|Any CPU.Build.0 = Debug|Any CPU
		{FE86F14E-B723-4B9E-BAF1-A4AF9C61D4FF}.Release|Any CPU.ActiveCfg = Release|Any CPU
		{FE86F14E-B723-4B9E-BAF1-A4AF9C61D4FF}.Release|Any CPU.Build.0 = Release|Any CPU
		{4BF0EE96-1B64-40F9-AB3D-8B53A112D4D7}.Debug|Any CPU.ActiveCfg = Debug|Any CPU
		{4BF0EE96-1B64-40F9-AB3D-8B53A112D4D7}.Debug|Any CPU.Build.0 = Debug|Any CPU
		{4BF0EE96-1B64-40F9-AB3D-8B53A112D4D7}.Release|Any CPU.ActiveCfg = Release|Any CPU
		{4BF0EE96-1B64-40F9-AB3D-8B53A112D4D7}.Release|Any CPU.Build.0 = Release|Any CPU
		{3DC51158-03C1-443C-BEAB-C5581427E2A1}.Debug|Any CPU.ActiveCfg = Debug|Any CPU
		{3DC51158-03C1-443C-BEAB-C5581427E2A1}.Debug|Any CPU.Build.0 = Debug|Any CPU
		{3DC51158-03C1-443C-BEAB-C5581427E2A1}.Release|Any CPU.ActiveCfg = Release|Any CPU
		{3DC51158-03C1-443C-BEAB-C5581427E2A1}.Release|Any CPU.Build.0 = Release|Any CPU
		{04912BD7-BB92-4717-A256-B8EE5B922779}.Debug|Any CPU.ActiveCfg = Debug|Any CPU
		{04912BD7-BB92-4717-A256-B8EE5B922779}.Debug|Any CPU.Build.0 = Debug|Any CPU
		{04912BD7-BB92-4717-A256-B8EE5B922779}.Release|Any CPU.ActiveCfg = Release|Any CPU
		{04912BD7-BB92-4717-A256-B8EE5B922779}.Release|Any CPU.Build.0 = Release|Any CPU
		{D6E12C42-ADD3-49B8-82DA-DB84B09C53BF}.Debug|Any CPU.ActiveCfg = Debug|Any CPU
		{D6E12C42-ADD3-49B8-82DA-DB84B09C53BF}.Debug|Any CPU.Build.0 = Debug|Any CPU
		{D6E12C42-ADD3-49B8-82DA-DB84B09C53BF}.Release|Any CPU.ActiveCfg = Release|Any CPU
		{D6E12C42-ADD3-49B8-82DA-DB84B09C53BF}.Release|Any CPU.Build.0 = Release|Any CPU
	EndGlobalSection
	GlobalSection(SolutionProperties) = preSolution
		HideSolutionNode = FALSE
	EndGlobalSection
	GlobalSection(ExtensibilityGlobals) = postSolution
		SolutionGuid = {BC329867-19CF-43C8-B5E2-7C1E40EE802E}
	EndGlobalSection
EndGlobal
